cloud.google.com/go v0.7.0 h1:1lBhvgHNdBXI7dug9INu0R6g3qNiLtqMb/gpBqMgR5s=
cloud.google.com/go v0.7.0/go.mod h1:aQUYkXzVsufM+DwF1aE+0xfcU+56JwCaLick0ClmMTw=
github.com/Azure/azure-sdk-for-go v5.0.0-beta.0.20161028183111-bd73d950fa44+incompatible h1:+5hx+ZckahrubYyxbjTwnq9w5xpnq1CwSL4N54I8/qc=
github.com/Azure/azure-sdk-for-go v5.0.0-beta.0.20161028183111-bd73d950fa44+incompatible/go.mod h1:9XXNKU+eRnpl9moKnB4QOLf1HestfXbmab5FXxiDBjc=
github.com/Azure/go-autorest v7.3.1+incompatible h1:5WhXcLZV87Edv8L/9OhwPe5a/3KG2pDYWi/ZsRpXayg=
github.com/Azure/go-autorest v7.3.1+incompatible/go.mod h1:r+4oMnoxhatjLLJ6zxSWATqVooLgysK6ZNox3g/xq24=
github.com/BurntSushi/toml v0.3.1-0.20170626110600-a368813c5e64 h1:Qe/XfSxGMmeTFfxjzmp7w++HA+ia7Rve7ey/dzDZQNM=
github.com/BurntSushi/toml v0.3.1-0.20170626110600-a368813c5e64/go.mod h1:xHWCNGjB5oqiDr8zfno3MHue2Ht5sIBksp03qcyfWMU=
github.com/DataDog/datadog-go v2.2.0+incompatible/go.mod h1:LButxg5PwREeZtORoXG3tL4fMGNddJ+vMq1mwgfaqoQ=
github.com/DataDog/datadog-go v3.2.0+incompatible/go.mod h1:LButxg5PwREeZtORoXG3tL4fMGNddJ+vMq1mwgfaqoQ=
github.com/DataDog/zstd v1.4.0 h1:vhoV+DUHnRZdKW1i5UMjAk2G4JY8wN4ayRfYDNdEhwo=
github.com/DataDog/zstd v1.4.0/go.mod h1:1jcaCB/ufaK+sKp1NBhlGmpz41jOoPQ35bpF36t7BBo=
github.com/Masterminds/semver v1.4.2 h1:WBLTQ37jOCzSLtXNdoo8bNM8876KhNqOKvrlGITgsTc=
github.com/Masterminds/semver v1.4.2/go.mod h1:MB6lktGJrhw8PrUyiEoblNEGEQ+RzHPF078ddwwvV3Y=
github.com/Masterminds/sprig v2.16.0+incompatible h1:QZbMUPxRQ50EKAq3LFMnxddMu88/EUUG3qmxwtDmPsY=
github.com/Masterminds/sprig v2.16.0+incompatible/go.mod h1:y6hNFY5UBTIWBxnzTeuNhlNS5hqE0NB0E6fgfo2Br3o=
github.com/PuerkitoBio/purell v1.1.0 h1:rmGxhojJlM0tuKtfdvliR84CFHljx9ag64t2xmVkjK4=
github.com/PuerkitoBio/purell v1.1.0/go.mod h1:c11w/QuzBsJSee3cPx9rAFu61PvFxuPbtSwDGJws/X0=
github.com/PuerkitoBio/urlesc v0.0.0-20170324140228-bbf7a2afc14f h1:tGG2bF6ewA2usFL4KBiG3NmWBpZXDEIZJ48iMZ7JILs=
github.com/PuerkitoBio/urlesc v0.0.0-20170324140228-bbf7a2afc14f/go.mod h1:uGdkoq3SwY9Y+13GIhn11/XLaGBb4BfwItxLd5jeuXE=
github.com/alecthomas/template v0.0.0-20160405071501-a0175ee3bccc/go.mod h1:LOuyumcjzFXgccqObfd/Ljyb9UuFJ6TxHnclSeseNhc=
github.com/alecthomas/template v0.0.0-20190718012654-fb15b899a751 h1:JYp7IbQjafoB+tBA3gMyHYHrpOtNuDiK/uB5uXxq5wM=
github.com/alecthomas/template v0.0.0-20190718012654-fb15b899a751/go.mod h1:LOuyumcjzFXgccqObfd/Ljyb9UuFJ6TxHnclSeseNhc=
github.com/alecthomas/units v0.0.0-20151022065526-2efee857e7cf/go.mod h1:ybxpYRFXyAe+OPACYpWeL0wqObRcbAqCMya13uyzqw0=
github.com/alecthomas/units v0.0.0-20190717042225-c3de453c63f4 h1:Hs82Z41s6SdL1CELW+XaDYmOH4hkBN4/N9og/AsOv7E=
github.com/alecthomas/units v0.0.0-20190717042225-c3de453c63f4/go.mod h1:ybxpYRFXyAe+OPACYpWeL0wqObRcbAqCMya13uyzqw0=
github.com/aokoli/goutils v1.0.1 h1:7fpzNGoJ3VA8qcrm++XEE1QUe0mIwNeLa02Nwq7RDkg=
github.com/aokoli/goutils v1.0.1/go.mod h1:SijmP0QR8LtwsmDs8Yii5Z/S4trXFGFC2oO5g9DP+DQ=
github.com/armon/go-metrics v0.0.0-20190430140413-ec5e00d3c878/go.mod h1:3AMJUQhVx52RsWOnlkpikZr01T/yAVN2gn0861vByNg=
github.com/armon/go-metrics v0.3.4 h1:Xqf+7f2Vhl9tsqDYmXhnXInUdcrtgpRNpIA15/uldSc=
github.com/armon/go-metrics v0.3.4/go.mod h1:4O98XIr/9W0sxpJ8UaYkvjk10Iff7SnFrb4QAOwNTFc=
github.com/armon/go-radix v1.0.0 h1:F4z6KzEeeQIMeLFa97iZU6vupzoecKdU5TX24SNppXI=
github.com/armon/go-radix v1.0.0/go.mod h1:ufUuZ+zHj4x4TnLV4JWEpy2hxWSpsRywHrMgIH9cCH8=
github.com/aws/aws-sdk-go v1.8.16 h1:U3mHT+1WfcyilzQApcrJ+AQB8iEXkn4sv7pwIpxdZow=
github.com/aws/aws-sdk-go v1.8.16/go.mod h1:ZRmQr0FajVIyZ4ZzBYKG5P3ZqPz9IHG41ZoMu1ADI3k=
github.com/benbjohnson/tmpl v1.0.0 h1:T5QPGJD0W6JJxyEEAlVnX3co/IkUrfHen1/42nlgAHo=
github.com/benbjohnson/tmpl v1.0.0/go.mod h1:igT620JFIi44B6awvU9IsDhR77IXWtFigTLil/RPdps=
github.com/beorn7/perks v0.0.0-20180321164747-3a771d992973/go.mod h1:Dwedo/Wpr24TaqPxmxbtue+5NUziq4I4S80YR8gNf3Q=
github.com/beorn7/perks v1.0.0/go.mod h1:KWe93zE9D1o94FZ5RNwFwVgaQK1VOXiVxmqh+CedLV8=
github.com/beorn7/perks v1.0.1 h1:VlbKKnNfV8bJzeqoa4cOKqO6bYr3WgKZxO8Z16+hsOM=
github.com/beorn7/perks v1.0.1/go.mod h1:G2ZrVWU2WbWT9wwq4/hrbKbnv/1ERSJQ0ibhJ6rlkpw=
github.com/blang/semver v3.5.0+incompatible h1:CGxCgetQ64DKk7rdZ++Vfnb1+ogGNnB17OJKJXD2Cfs=
github.com/blang/semver v3.5.0+incompatible/go.mod h1:kRBLl5iJ+tD4TcOOxsy/0fnwebNt5EWlYSAyrTnjyyk=
github.com/bmizerany/pat v0.0.0-20170815010413-6226ea591a40 h1:y4B3+GPxKlrigF1ha5FFErxK+sr6sWxQovRMzwMhejo=
github.com/bmizerany/pat v0.0.0-20170815010413-6226ea591a40/go.mod h1:8rLXio+WjiTceGBHIoTvn60HIbs7Hm7bcHjyrSqYB9c=
github.com/boltdb/bolt v1.3.1 h1:JQmyP4ZBrce+ZQu0dY660FMfatumYDLun9hBCUVIkF4=
github.com/boltdb/bolt v1.3.1/go.mod h1:clJnj/oiGkjum5o1McbSZDSLxVThjynRyGBgiAx27Ps=
github.com/cenkalti/backoff v1.0.0 h1:2XeuDgvPv/6QDyzIuxb6n36ADVocyqTLlOSpYBGYtvM=
github.com/cenkalti/backoff v1.0.0/go.mod h1:90ReRw6GdpyfrHakVjL/QHaoyV4aDUVVkXQJJJ3NXXM=
github.com/cespare/xxhash/v2 v2.1.1 h1:6MnRN8NT7+YBpUIWxHtefFZOKTAPgGjpQSxqLNn0+qY=
github.com/cespare/xxhash/v2 v2.1.1/go.mod h1:VGX0DQ3Q6kWi7AoAeZDth3/j3BFtOZR5XLFGgcrjCOs=
github.com/circonus-labs/circonus-gometrics v2.3.1+incompatible/go.mod h1:nmEj6Dob7S7YxXgwXpfOuvO54S+tGdZdw9fuRZt25Ag=
github.com/circonus-labs/circonusllhist v0.1.3/go.mod h1:kMXHVDlOchFAehlya5ePtbp5jckzBHf4XRpQvBOLI+I=
github.com/coreos/go-oidc v0.0.0-20170307191026-be73733bb8cc h1:9yuvA19Q5WFkLwJcMDoYm8m89ilzqZ5zEHqdvU+Zbds=
github.com/coreos/go-oidc v0.0.0-20170307191026-be73733bb8cc/go.mod h1:CgnwVTmzoESiwO9qyAFEMiHoZ1nMCKZlZ9V6mm3/LKc=
github.com/coreos/pkg v0.0.0-20160727233714-3ac0863d7acf h1:CAKfRE2YtTUIjjh1bkBtyYFaUT/WmOqsJjgtihT0vMI=
github.com/coreos/pkg v0.0.0-20160727233714-3ac0863d7acf/go.mod h1:E3G3o1h8I7cfcXa63jLwjI0eiQQMgzzUDFVpN/nH/eA=
github.com/davecgh/go-spew v1.1.0 h1:ZDRjVQ15GmhC3fiQ8ni8+OwkZQO4DARzQgrnXU1Liz8=
github.com/davecgh/go-spew v1.1.0/go.mod h1:J7Y8YcW2NihsgmVo/mv3lAwl/skON4iLHjSsI+c5H38=
github.com/davecgh/go-spew v1.1.1 h1:vj9j/u1bqnvCEfJOwUhtlOARqs3+rkHYY13jYWTU97c=
github.com/davecgh/go-spew v1.1.1/go.mod h1:J7Y8YcW2NihsgmVo/mv3lAwl/skON4iLHjSsI+c5H38=
github.com/dgrijalva/jwt-go v3.0.0+incompatible h1:nfVqwkkhaRUethVJaQf5TUFdFr3YUF4lJBTf/F2XwVI=
github.com/dgrijalva/jwt-go v3.0.0+incompatible/go.mod h1:E3ru+11k8xSBh+hMPgOLZmtrrCbhqsmaPHjLKYnJCaQ=
github.com/dgryski/go-bits v0.0.0-20180113010104-bd8a69a71dc2 h1:2+yip7nN/auel0PDwY7SIaTOxQPI2NwdkZkvpgtc3Pk=
github.com/dgryski/go-bits v0.0.0-20180113010104-bd8a69a71dc2/go.mod h1:/9UYwwvZuEgp+mQ4960SHWCU1FS+FgdFX+m5ExFByNs=
github.com/dgryski/go-bitstream v0.0.0-20180413035011-3522498ce2c8 h1:akOQj8IVgoeFfBTzGOEQakCYshWD6RNo1M5pivFXt70=
github.com/dgryski/go-bitstream v0.0.0-20180413035011-3522498ce2c8/go.mod h1:VMaSuZ+SZcx/wljOQKvp5srsbCiKDEb6K2wC4+PiBmQ=
github.com/docker/distribution v2.6.1+incompatible h1:nWLG5KfUJK1PBt7i7iLBE8KpgWVF4uXwNfK1YOi1K/I=
github.com/docker/distribution v2.6.1+incompatible/go.mod h1:J2gT2udsDAN96Uj4KfcMRqY0/ypR+oyYUYmja8H+y+w=
github.com/docker/docker v1.13.1 h1:IkZjBSIc8hBjLpqeAbeE5mca5mNgeatLHBy3GO78BWo=
github.com/docker/docker v1.13.1/go.mod h1:eEKB0N0r5NX/I1kEveEz05bcu8tLC/8azJZsviup8Sk=
github.com/docker/go-connections v0.2.1 h1:XB0Pr+bR+RGw8D0C/ADeRiiPVyMftTtKFblUw3sNFXQ=
github.com/docker/go-connections v0.2.1/go.mod h1:Gbd7IOopHjR8Iph03tsViu4nIes5XhDvyHbTtUxmeec=
github.com/docker/go-units v0.3.1 h1:QAFdsA6jLCnglbqE6mUsHuPcJlntY94DkxHf4deHKIU=
github.com/docker/go-units v0.3.1/go.mod h1:fgPhTUdO+D/Jk86RDLlptpiXQzgHJF7gydDDbaIK4Dk=
github.com/dustin/go-humanize v1.0.0 h1:VSnTsYCnlFHaM2/igO1h6X3HA71jcobQuxemgkq4zYo=
github.com/dustin/go-humanize v1.0.0/go.mod h1:HtrtbFcZ19U5GC7JDqmcUSB87Iq5E25KnS6fMYU6eOk=
github.com/eapache/go-xerial-snappy v0.0.0-20180814174437-776d5712da21 h1:YEetp8/yCZMuEPMUDHG0CW/brkkEp8mzqk2+ODEitlw=
github.com/eapache/go-xerial-snappy v0.0.0-20180814174437-776d5712da21/go.mod h1:+020luEh2TKB4/GOp8oxxtq0Daoen/Cii55CzbTV6DU=
github.com/eclipse/paho.mqtt.golang v1.0.0 h1:SIqh8vC6gWMF+bNWzWh3QUMu+uNlLFkjo2PN9LkJXCE=
github.com/eclipse/paho.mqtt.golang v1.0.0/go.mod h1:H9keYFcgq3Qr5OUJm/JZI/i6U7joQ8SYLhZwfeOo6Ts=
github.com/emicklei/go-restful v1.1.4-0.20151126145626-777bb3f19bca h1:6r50JDdCFw/00MQAmSpWCNIneTyLzLA0F/2qy4LE52w=
github.com/emicklei/go-restful v1.1.4-0.20151126145626-777bb3f19bca/go.mod h1:otzb+WCGbkyDHkqmQmT5YD2WR4BBwUdeQoFo8l/7tVs=
github.com/evanphx/json-patch v0.0.0-20160803213441-30afec6a1650 h1:CtS05rieyoGdiP2OGIUidaS8ntkPuaI41MgQ26DpR4c=
github.com/evanphx/json-patch v0.0.0-20160803213441-30afec6a1650/go.mod h1:50XU6AFN0ol/bzJsmQLiYLvXMP4fmwYFNcr97nuDLSk=
github.com/fsnotify/fsnotify v1.4.2 h1:v5tKwtf2hNhBV24eNYfQ5UmvFOGlOCmRqk7/P1olxtk=
github.com/fsnotify/fsnotify v1.4.2/go.mod h1:jwhsz4b93w/PPRr/qN1Yymfu8t87LnFCMoQvtojpjFo=
github.com/fsnotify/fsnotify v1.4.7/go.mod h1:jwhsz4b93w/PPRr/qN1Yymfu8t87LnFCMoQvtojpjFo=
github.com/fsnotify/fsnotify v1.4.9 h1:hsms1Qyu0jgnwNXIxa+/V/PDsU6CfLf6CNO8H7IWoS4=
github.com/fsnotify/fsnotify v1.4.9/go.mod h1:znqG4EE+3YCdAaPaxE2ZRY/06pZUdp0tY4IgpuI1SZQ=
github.com/geoffgarside/ber v0.0.0-20170306085127-854377f11dfb h1:iPZjQyOswR6paObEw+1XFfTV6isPKm3vWenA+6NF4AM=
github.com/geoffgarside/ber v0.0.0-20170306085127-854377f11dfb/go.mod h1:x6zPZPDIQQKmaIDbeEzUGnxSmj7raqK6G8m6jkTlgbU=
github.com/ghodss/yaml v0.0.0-20161207003320-04f313413ffd h1:U3yHrYB7NWH2o3UFzJ1J+TknZqM9QQtF8KVIE6Qzrfs=
github.com/ghodss/yaml v0.0.0-20161207003320-04f313413ffd/go.mod h1:4dBDuWmgqj2HViK6kFavaiC9ZROes6MMH2rRYeMEF04=
github.com/go-ini/ini v1.27.0 h1:NZxJFHRR+/icTJIuCQTo3UfYs3N1TRnWeNdiT7BLOjk=
github.com/go-ini/ini v1.27.0/go.mod h1:ByCAeIL28uOIIG0E3PJtZPDL8WnHpFKFOtgjp+3Ies8=
github.com/go-kit/kit v0.8.0/go.mod h1:xBxKIO96dXMWWy0MnWVtmwkA9/13aqxPnvrjFYMA2as=
github.com/go-kit/kit v0.9.0/go.mod h1:xBxKIO96dXMWWy0MnWVtmwkA9/13aqxPnvrjFYMA2as=
github.com/go-logfmt/logfmt v0.3.0/go.mod h1:Qt1PoO58o5twSAckw1HlFXLmHsOX5/0LbT9GBnD5lWE=
github.com/go-logfmt/logfmt v0.4.0/go.mod h1:3RMwSq7FuexP4Kalkev3ejPJsZTpXXBr9+V4qmtdjCk=
github.com/go-openapi/jsonpointer v0.0.0-20170102174223-779f45308c19 h1:UmnefiS/Yrdfl15NXUA9T51lyQf72tCvWHfOiRLd1+g=
github.com/go-openapi/jsonpointer v0.0.0-20170102174223-779f45308c19/go.mod h1:+35s3my2LFTysnkMfxsJBAMHj/DoqoB9knIWoYG/Vk0=
github.com/go-openapi/jsonreference v0.0.0-20161105162150-36d33bfe519e h1:gbNUNGpVJLxaXBxI7iCHZdg3PwgLOJ9lPQGVINRrC9E=
github.com/go-openapi/jsonreference v0.0.0-20161105162150-36d33bfe519e/go.mod h1:W3Z9FmVs9qj+KR4zFKmDPGiLdk1D9Rlm7cyMvf57TTg=
github.com/go-openapi/spec v0.0.0-20170413060731-e51c28f07047 h1:wpuQdUcLaVf9A1O5DwsZS+AViW+wEcPDLkuF1qIcaw4=
github.com/go-openapi/spec v0.0.0-20170413060731-e51c28f07047/go.mod h1:J8+jY1nAiCcj+friV/PDoE1/3eeccG9LYBs0tYvLOWc=
github.com/go-openapi/swag v0.0.0-20170424051500-24ebf76d720b h1:rOkZcrUF2vHF2H2Sn/o3D+kxfVl0jt4hYIT+SClAlY0=
github.com/go-openapi/swag v0.0.0-20170424051500-24ebf76d720b/go.mod h1:DXUve3Dpr1UfpPtxFw+EFuQ41HhCWZfha5jSVRG7C7I=
github.com/go-stack/stack v1.8.0/go.mod h1:v0f6uXyyMGvRgIKkXu+yp6POWl0qKG85gN/melR3HDY=
github.com/gogo/protobuf v1.1.1 h1:72R+M5VuhED/KujmZVcIquuo8mBgX4oVda//DQb3PXo=
github.com/gogo/protobuf v1.1.1/go.mod h1:r8qH/GZQm5c6nD/R0oafs1akxWv10x8SbQlK7atdtwQ=
github.com/golang/glog v0.0.0-20160126235308-23def4e6c14b h1:VKtxabqXZkF25pY9ekfRL6a582T4P37/31XEstQ5p58=
github.com/golang/glog v0.0.0-20160126235308-23def4e6c14b/go.mod h1:SBH7ygxi8pfUlaOkMMuAQtPIUF8ecWP5IEl/CR7VP2Q=
github.com/golang/protobuf v1.2.0/go.mod h1:6lQm79b+lXiMfvg/cZm0SGofjICqVBUtrP5yJMmIC1U=
github.com/golang/protobuf v1.3.1/go.mod h1:6lQm79b+lXiMfvg/cZm0SGofjICqVBUtrP5yJMmIC1U=
github.com/golang/protobuf v1.3.2/go.mod h1:6lQm79b+lXiMfvg/cZm0SGofjICqVBUtrP5yJMmIC1U=
github.com/golang/protobuf v1.4.0-rc.1/go.mod h1:ceaxUfeHdC40wWswd/P6IGgMaK3YpKi5j83Wpe3EHw8=
github.com/golang/protobuf v1.4.0-rc.1.0.20200221234624-67d41d38c208/go.mod h1:xKAWHe0F5eneWXFV3EuXVDTCmh+JuBKY0li0aMyXATA=
github.com/golang/protobuf v1.4.0-rc.2/go.mod h1:LlEzMj4AhA7rCAGe4KMBDvJI+AwstrUpVNzEA03Pprs=
github.com/golang/protobuf v1.4.0-rc.4.0.20200313231945-b860323f09d0/go.mod h1:WU3c8KckQ9AFe+yFwt9sWVRKCVIyN9cPHBJSNnbL67w=
github.com/golang/protobuf v1.4.0/go.mod h1:jodUvKwWbYaEsadDk5Fwe5c77LiNKVO9IDvqG2KuDX0=
github.com/golang/protobuf v1.4.2 h1:+Z5KGCizgyZCbGh1KZqA0fcLLkwbsjIzS4aV2v7wJX0=
github.com/golang/protobuf v1.4.2/go.mod h1:oDoupMAO8OvCJWAcko0GGGIgR6R6ocIYbsSw735rRwI=
github.com/golang/protobuf v1.4.3 h1:JjCZWpVbqXDqFVmTfYWEVTMIYrL/NPdPSCHPJ0T/raM=
github.com/golang/protobuf v1.4.3/go.mod h1:oDoupMAO8OvCJWAcko0GGGIgR6R6ocIYbsSw735rRwI=
github.com/golang/snappy v0.0.1 h1:Qgr9rKW7uDUkrbSmQeiDsGa8SjGyCOGtuasMWwvp2P4=
github.com/golang/snappy v0.0.1/go.mod h1:/XxbfmMg8lxefKM7IXC3fBNl/7bRcc72aCRzEWrmP2Q=
github.com/goller/prometheus v1.6.1-0.20170502220046-58298e738211 h1:uckek0Fbc11/Nxgntgd7pC0uTDKUEjMXhGrnxoLzP0c=
github.com/goller/prometheus v1.6.1-0.20170502220046-58298e738211/go.mod h1:h9lxWAIUxz0+oYuWHSf3a8m22+Sc9ZXJ3htO8x9b9OM=
github.com/google/go-cmp v0.3.0/go.mod h1:8QqcDgzrUqlUb/G2PQTWiueGozuR1884gddMywk6iLU=
github.com/google/go-cmp v0.3.1/go.mod h1:8QqcDgzrUqlUb/G2PQTWiueGozuR1884gddMywk6iLU=
github.com/google/go-cmp v0.4.0 h1:xsAVV57WRhGj6kEIi8ReJzQlHHqcBYCElAvkovg3B/4=
github.com/google/go-cmp v0.4.0/go.mod h1:v8dTdLbMG2kIc/vJvl+f65V22dbkXbowE6jgT/gNBxE=
github.com/google/gofuzz v1.0.0 h1:A8PeW59pxE9IoFRqBp37U+mSNaQoZ46F1f0f863XSXw=
github.com/google/gofuzz v1.0.0/go.mod h1:dBl0BpW6vV/+mYPU4Po3pmUjxk6FQPldtuIdl/M65Eg=
github.com/google/uuid v1.0.0 h1:b4Gk+7WdP/d3HZH8EJsZpvV7EtDOgaZLtnaNGIu1adA=
github.com/google/uuid v1.0.0/go.mod h1:TIyPZe4MgqvfeYDBFedMoGGpEw/LqOeaOT+nhxU+yHo=
github.com/googleapis/gax-go v0.0.0-20170321005343-9af46dd5a171 h1:sK7F8pvKHNOtBnlQjHqNScQ+Ff5EAZxb8FnmxrD0TYw=
github.com/googleapis/gax-go v0.0.0-20170321005343-9af46dd5a171/go.mod h1:SFVmujtThgffbyetf+mdk2eWhX2bMyUtNHzFKcPA9HY=
github.com/gopherjs/gopherjs v0.0.0-20181017120253-0766667cb4d1 h1:EGx4pi6eqNxGaHF6qqu48+N2wcFQ5qg5FXgOdqsJ5d8=
github.com/gopherjs/gopherjs v0.0.0-20181017120253-0766667cb4d1/go.mod h1:wJfORRmW1u3UXTncJ5qlYoELFm8eSnnEO6hX4iZ3EWY=
github.com/gorhill/cronexpr v0.0.0-20180427100037-88b0669f7d75 h1:f0n1xnMSmBLzVfsMMvriDyA75NB/oBgILX2GcHXIQzY=
github.com/gorhill/cronexpr v0.0.0-20180427100037-88b0669f7d75/go.mod h1:g2644b03hfBX9Ov0ZBDgXXens4rxSxmqFBbhvKv2yVA=
github.com/hashicorp/consul v0.8.1 h1:AoErhinsBvqq+RWb19lEZ09cYpqnsKRgYfHjeyfoQLc=
github.com/hashicorp/consul v0.8.1/go.mod h1:mFrjN1mfidgJfYP1xrJCF+AfRhr6Eaqhb2+sfyn/OOI=
github.com/hashicorp/errwrap v1.0.0 h1:hLrqtEDnRye3+sgx6z4qVLNuviH3MR5aQ0ykNJa/UYA=
github.com/hashicorp/errwrap v1.0.0/go.mod h1:YH+1FKiLXxHSkmPseP+kNlulaMuP3n2brvKWEqk/Jc4=
github.com/hashicorp/go-cleanhttp v0.5.0 h1:wvCrVc9TjDls6+YGAF2hAifE1E5U1+b4tH6KdvN3Gig=
github.com/hashicorp/go-cleanhttp v0.5.0/go.mod h1:JpRdi6/HCYpAwUzNwuwqhbovhLtngrth3wmdIIUrZ80=
github.com/hashicorp/go-hclog v0.9.1 h1:9PZfAcVEvez4yhLH2TBU64/h/z4xlFI80cWXRrxuKuM=
github.com/hashicorp/go-hclog v0.9.1/go.mod h1:5CU+agLiy3J7N7QjHK5d05KxGsuXiQLrjA0H7acj2lQ=
github.com/hashicorp/go-immutable-radix v1.0.0 h1:AKDB1HM5PWEA7i4nhcpwOrO2byshxBjXVn/J/3+z5/0=
github.com/hashicorp/go-immutable-radix v1.0.0/go.mod h1:0y9vanUI8NX6FsYoO3zeMjhV/C5i9g4Q3DwcSNZ4P60=
github.com/hashicorp/go-msgpack v0.5.5/go.mod h1:ahLV/dePpqEmjfWmKiqvPkv/twdG7iPBM1vqhUKIvfM=
github.com/hashicorp/go-msgpack v1.1.5 h1:9byZdVjKTe5mce63pRVNP1L7UAmdHOTEMGehn6KvJWs=
github.com/hashicorp/go-msgpack v1.1.5/go.mod h1:gWVc3sv/wbDmR3rQsj1CAktEZzoz1YNK9NfGLXJ69/4=
github.com/hashicorp/go-multierror v1.0.0 h1:iVjPR7a6H0tWELX5NxNe7bYopibicUzc7uPribsnS6o=
github.com/hashicorp/go-multierror v1.0.0/go.mod h1:dHtQlpGsu+cZNNAkkCN/P3hoUDHhCYQXV3UM06sGGrk=
github.com/hashicorp/go-retryablehttp v0.5.3/go.mod h1:9B5zBasrRhHXnJnui7y6sL7es7NDiJgTc6Er0maI1Xs=
github.com/hashicorp/go-rootcerts v0.0.0-20160503143440-6bb64b370b90 h1:VBj0QYQ0u2MCJzBfeYXGexnAl17GsH1yidnoxCqqD9E=
github.com/hashicorp/go-rootcerts v0.0.0-20160503143440-6bb64b370b90/go.mod h1:o4zcYY1e0GEZI6eSEr+43QDYmuGglw1qSO6qdHUHCgg=
github.com/hashicorp/go-sockaddr v1.0.0 h1:GeH6tui99pF4NJgfnhp+L6+FfobzVW3Ah46sLo0ICXs=
github.com/hashicorp/go-sockaddr v1.0.0/go.mod h1:7Xibr9yA9JjQq1JpNB2Vw7kxv8xerXegt+ozgdvDeDU=
github.com/hashicorp/go-uuid v1.0.0/go.mod h1:6SBZvOh/SIDV7/2o3Jml5SYk/TvGqwFJ/bN7x4byOro=
github.com/hashicorp/go-uuid v1.0.2 h1:cfejS+Tpcp13yd5nYHWDI6qVCny6wyX2Mt5SGur2IGE=
github.com/hashicorp/go-uuid v1.0.2/go.mod h1:6SBZvOh/SIDV7/2o3Jml5SYk/TvGqwFJ/bN7x4byOro=
github.com/hashicorp/golang-lru v0.5.0/go.mod h1:/m3WP610KZHVQ1SGc6re/UDhFvYD7pJ4Ao+sR/qLZy8=
github.com/hashicorp/golang-lru v0.5.4 h1:YDjusn29QI/Das2iO9M0BHnIbxPeyuCHsjMW+lJfyTc=
github.com/hashicorp/golang-lru v0.5.4/go.mod h1:iADmTwqILo4mZ8BN3D2Q6+9jd8WM5uGBxy+E8yxSoD4=
github.com/hashicorp/hcl v1.0.0 h1:0Anlzjpi4vEasTeNFn2mLJgTSwt0+6sfsiTG8qcWGx4=
github.com/hashicorp/hcl v1.0.0/go.mod h1:E5yfLk+7swimpb2L/Alb/PJmXilQ/rhwaUYs4T20WEQ=
github.com/hashicorp/memberlist v0.1.0 h1:qSsCiC0WYD39lbSitKNt40e30uorm2Ss/d4JGU1hzH8=
github.com/hashicorp/memberlist v0.1.0/go.mod h1:ncdBp14cuox2iFOq3kDiquKU6fqsTBc3W6JvZwjxxsE=
github.com/hashicorp/raft v1.2.0 h1:mHzHIrF0S91d3A7RPBvuqkgB4d/7oFJZyvf1Q4m7GA0=
github.com/hashicorp/raft v1.2.0/go.mod h1:vPAJM8Asw6u8LxC3eJCUZmRP/E4QmUGE1R7g7k8sG/8=
github.com/hashicorp/raft-boltdb v0.0.0-20171010151810-6e5ba93211ea/go.mod h1:pNv7Wc3ycL6F5oOWn+tPGo2gWD4a5X+yp/ntwdKLjRk=
github.com/hashicorp/serf v0.8.1 h1:mYs6SMzu72+90OcPa5wr3nfznA4Dw9UyR791ZFNOIf4=
github.com/hashicorp/serf v0.8.1/go.mod h1:h/Ru6tmZazX7WO/GDmwdpS975F019L4t5ng5IgwbNrE=
github.com/hpcloud/tail v1.0.0/go.mod h1:ab1qPbhIpdTxEkNHXyeSf5vhxWSCs/tWer42PpOxQnU=
github.com/huandu/xstrings v1.0.0 h1:pO2K/gKgKaat5LdpAhxhluX2GPQMaI3W5FUz/I/UnWk=
github.com/huandu/xstrings v1.0.0/go.mod h1:4qWG/gcEcfX4z/mBDHJ++3ReCw9ibxbsNJbcucJdbSo=
github.com/imdario/mergo v0.3.4 h1:mKkfHkZWD8dC7WxKx3N9WCF0Y+dLau45704YQmY6H94=
github.com/imdario/mergo v0.3.4/go.mod h1:2EnlNZ0deacrJVfApfmtdGgDfMuh/nq6Ok1EcJh5FfA=
github.com/influxdata/influxdb v1.1.4 h1:VLf6ewC579GzI+JQCCZdU2Ijeb/bnf6L8u+ptZhKXVM=
github.com/influxdata/influxdb v1.1.4/go.mod h1:qZna6X/4elxqT3yI9iZYdZrWWdeFOOprn86kgg4+IzY=
github.com/influxdata/usage-client v0.0.0-20160829180054-6d3895376368 h1:+TUUmaFa4YD1Q+7bH9o5NCHQGPMqZCYJiNW6lIIS9z4=
github.com/influxdata/usage-client v0.0.0-20160829180054-6d3895376368/go.mod h1:Wbbw6tYNvwa5dlB6304Sd+82Z3f7PmVZHVKU637d4po=
github.com/influxdata/wlog v0.0.0-20160411224016-7c63b0a71ef8 h1:W2IgzRCb0L9VzMujq/QuTaZUKcH8096jWwP519mHN6Q=
github.com/influxdata/wlog v0.0.0-20160411224016-7c63b0a71ef8/go.mod h1:/2NMgWB1DHM1ti/gqhOlg+LJeBVk6FqR5aVGYY0hlwI=
github.com/jmespath/go-jmespath v0.0.0-20151117175822-3433f3ea46d9 h1:1SlajWtS+u/6x2Be5vrHyrbSxkeIf/+ISBu//kmjpnc=
github.com/jmespath/go-jmespath v0.0.0-20151117175822-3433f3ea46d9/go.mod h1:Nht3zPeWKUH0NzdCt2Blrr5ys8VGpn0CEB0cQHVjt7k=
github.com/jonboulle/clockwork v0.1.0 h1:VKV+ZcuP6l3yW9doeqz6ziZGgcynBVQO+obU0+0hcPo=
github.com/jonboulle/clockwork v0.1.0/go.mod h1:Ii8DK3G1RaLaWxj9trq07+26W01tbo22gdxWY5EU2bo=
github.com/josharian/intern v1.0.0 h1:vlS4z54oSdjm0bgjRigI+G1HpF+tI+9rE5LLzOg8HmY=
github.com/josharian/intern v1.0.0/go.mod h1:5DoeVV0s6jJacbCEi61lwdGj/aVlrQvzHFFd8Hwg//Y=
github.com/json-iterator/go v1.1.6/go.mod h1:+SdeFBvtyEkXs7REEP0seUULqWtbJapLOCVDaaPEHmU=
github.com/json-iterator/go v1.1.9/go.mod h1:KdQUCv79m/52Kvf8AW2vK1V8akMuk1QjK/uOdHXbAo4=
github.com/jtolds/gls v4.20.0+incompatible h1:xdiiI2gbIgH/gLH7ADydsJ1uDOEzR8yvV7C0MuV77Wo=
github.com/jtolds/gls v4.20.0+incompatible/go.mod h1:QJZ7F/aHp+rZTRtaJ1ow/lLfFfVYBRgL+9YlvaHOwJU=
github.com/juju/ratelimit v0.0.0-20170314011755-acf38b000a03 h1:MtMthxEJlQkmv+GOCC67mh7qScrKPJm7YGAIzuPP9Sg=
github.com/juju/ratelimit v0.0.0-20170314011755-acf38b000a03/go.mod h1:qapgC/Gy+xNh9UxzV13HGGl/6UXNN+ct+vwSgWNm/qk=
github.com/julienschmidt/httprouter v1.2.0/go.mod h1:SYymIcj16QtmaHHD7aYtjjsJG7VTCxuUUipMqKk8s4w=
github.com/jwilder/encoding v0.0.0-20170811194829-b4e1701a28ef h1:2jNeR4YUziVtswNP9sEFAI913cVrzH85T+8Q6LpYbT0=
github.com/jwilder/encoding v0.0.0-20170811194829-b4e1701a28ef/go.mod h1:Ct9fl0F6iIOGgxJ5npU/IUOhOhqlVrGjyIZc8/MagT0=
github.com/k-sone/snmpgo v3.2.0+incompatible h1:2NogYilKYSia0f+seO9P7aRa6MKG6RcnNc1L74L8WOw=
github.com/k-sone/snmpgo v3.2.0+incompatible/go.mod h1:9MC6LeG1sGPgrwnmu/V/ncg9P2M5zS5IvE+c4KZj25g=
github.com/kimor79/gollectd v1.0.0 h1:6APoEersLJ2W0iwWj8C7COlienQ8XTWh8np4w0ggI8k=
github.com/kimor79/gollectd v1.0.0/go.mod h1:lDxzEAixH34FPZ0nBIpjCu2vR3ZdIKZbbnf2rc+b2ao=
github.com/konsorten/go-windows-terminal-sequences v1.0.1 h1:mweAR1A6xJ3oS2pRaGiHgQ4OO8tzTaLawm8vnODuwDk=
github.com/konsorten/go-windows-terminal-sequences v1.0.1/go.mod h1:T0+1ngSBFLxvqU3pZ+m/2kptfBszLMUkC4ZK/EgS/cQ=
github.com/kr/logfmt v0.0.0-20140226030751-b84e30acd515/go.mod h1:+0opPa2QZZtGFBFZlji/RkVcI2GknAs/DXo4wKdlNEc=
github.com/kr/pretty v0.1.0/go.mod h1:dAy3ld7l9f0ibDNOQOHHMYYIIbhfbHSm3C4ZsoJORNo=
github.com/kr/pretty v0.2.1 h1:Fmg33tUaq4/8ym9TJN1x7sLJnHVwhP33CNkpYV/7rwI=
github.com/kr/pretty v0.2.1/go.mod h1:ipq/a2n7PKx3OHsz4KJII5eveXtPO4qwEXGdVfWzfnI=
github.com/kr/pty v1.1.1/go.mod h1:pFQYn66WHrOpPYNljwOMqo10TkYh1fy3cYio2l3bCsQ=
github.com/kr/text v0.1.0 h1:45sCR5RtlFHMR4UwH9sdQ5TC8v0qDQCHnXt+kaKSTVE=
github.com/kr/text v0.1.0/go.mod h1:4Jbv+DJW3UT/LiOwJeYQe1efqtUx/iVham/4vfdArNI=
github.com/kylelemons/godebug v1.1.0 h1:RPNrshWIDI6G2gRW9EHilWtl7Z6Sb1BR0xunSBf0SNc=
github.com/kylelemons/godebug v1.1.0/go.mod h1:9/0rRGxNHcop5bhtWyNeEfOS8JIWk580+fNqagV/RAw=
github.com/mailru/easyjson v0.0.0-20201007175905-fca00f44f19d h1:uUH5jYzASgGlSE5/Hs6p1mIiXlC8H1dc0LQMZX9mboc=
github.com/mailru/easyjson v0.0.0-20201007175905-fca00f44f19d/go.mod h1:xzfreul335JAWq5oZzymOObrkdz5UnU4kGfJJLY9Nlc=
github.com/mattn/go-runewidth v0.0.2 h1:UnlwIPBGaTZfPQ6T1IGzPI0EkYAQmT9fAEJ/poFC63o=
github.com/mattn/go-runewidth v0.0.2/go.mod h1:LwmH8dsx7+W8Uxz3IHJYH5QSwggIsqBzpuz5H//U1FU=
github.com/matttproud/golang_protobuf_extensions v1.0.1 h1:4hp9jkHxhMHkqkrB3Ix0jegS5sx/RkqARlsWZ6pIwiU=
github.com/matttproud/golang_protobuf_extensions v1.0.1/go.mod h1:D8He9yQNgCq6Z5Ld7szi9bcBfOoFv/3dc6xSMkL2PC0=
github.com/miekg/dns v0.0.0-20170412184748-6ebcb714d369 h1:sqvsBwBC9dZgCH0ww58pA+6kJSiOGi4RR/iDxoj0B8U=
github.com/miekg/dns v0.0.0-20170412184748-6ebcb714d369/go.mod h1:W1PPwlIAgtquWBMBEV9nkV9Cazfe8ScdGz/Lj7v3Nrg=
github.com/mitchellh/copystructure v0.0.0-20170116004449-f81071c9d77b h1:U2UBAVpiIEa2uVcIWrN28gznaHTjGVHgedj3N1D9M1s=
github.com/mitchellh/copystructure v0.0.0-20170116004449-f81071c9d77b/go.mod h1:eOsF2yLPlBBJPvD+nhl5QMTBSOBbOph6N7j/IDUw7PY=
github.com/mitchellh/go-homedir v0.0.0-20161203194507-b8bc1bf76747 h1:eQox4Rh4ewJF+mqYPxCkmBAirRnPaHEB26UkNuPyjlk=
github.com/mitchellh/go-homedir v0.0.0-20161203194507-b8bc1bf76747/go.mod h1:SfyaCUpYCn1Vlf4IUYiD9fPX4A5wJrkLzIz1N1q0pr0=
github.com/mitchellh/mapstructure v0.0.0-20161204053518-5a0325d7fafa h1:6HoKqLsO3bWin9dNp6uOhEnY5WvIu7/dkejMZIjnIMA=
github.com/mitchellh/mapstructure v0.0.0-20161204053518-5a0325d7fafa/go.mod h1:FVVH3fgwuzCH5S8UJGiWEs2h04kUh9fWfEaFds41c1Y=
github.com/mitchellh/reflectwalk v0.0.0-20170110165207-417edcfd99a4 h1:2l4wKiqC7R06+7bjVBTTzAEuCYniVnChSDA5fx3JHeg=
github.com/mitchellh/reflectwalk v0.0.0-20170110165207-417edcfd99a4/go.mod h1:mSTlrgnPZtwu0c4WaC2kGObEpuNDbx0jmZXqmk4esnw=
github.com/modern-go/concurrent v0.0.0-20180228061459-e0a39a4cb421/go.mod h1:6dJC0mAP4ikYIbvyc7fijjWJddQyLn8Ig3JB5CqoB9Q=
github.com/modern-go/concurrent v0.0.0-20180306012644-bacd9c7ef1dd/go.mod h1:6dJC0mAP4ikYIbvyc7fijjWJddQyLn8Ig3JB5CqoB9Q=
github.com/modern-go/reflect2 v0.0.0-20180701023420-4b7aa43c6742/go.mod h1:bx2lNnkwVCuqBIxFjflWJWanXIb3RllmbCylyMrvgv0=
github.com/modern-go/reflect2 v1.0.1/go.mod h1:bx2lNnkwVCuqBIxFjflWJWanXIb3RllmbCylyMrvgv0=
github.com/mwitkow/go-conntrack v0.0.0-20161129095857-cc309e4a2223/go.mod h1:qRWi+5nqEBWmkhHvq77mSJWrCKwh8bxhgT7d/eI7P4U=
github.com/nxadm/tail v1.4.4 h1:DQuhQpB1tVlglWS2hLQ5OV6B5r8aGxSrPc5Qo6uTN78=
github.com/nxadm/tail v1.4.4/go.mod h1:kenIhsEOeOJmVchQTgglprH7qJGnHDVpk1VPCcaMI8A=
github.com/onsi/ginkgo v1.6.0/go.mod h1:lLunBs/Ym6LB5Z9jYTR76FiuTmxDTDusOGeTQH+WWjE=
github.com/onsi/ginkgo v1.12.1/go.mod h1:zj2OWP4+oCPe1qIXoGWkgMRwljMUYCdkwsT2108oapk=
github.com/onsi/ginkgo v1.14.2 h1:8mVmC9kjFFmA8H4pKMUhcblgifdkOIXPvbhN1T36q1M=
github.com/onsi/ginkgo v1.14.2/go.mod h1:iSB4RoI2tjJc9BBv4NKIKWKya62Rps+oPG/Lv9klQyY=
github.com/onsi/gomega v1.7.1/go.mod h1:XdKZgCCFLUoM/7CFJVPcG8C1xQ1AJ0vpAezJrB7JYyY=
github.com/onsi/gomega v1.10.1/go.mod h1:iN09h71vgCQne3DLsj+A5owkum+a2tYe+TOCB1ybHNo=
github.com/onsi/gomega v1.10.3 h1:gph6h/qe9GSUw1NhH1gp+qb+h8rXD8Cy60Z32Qw3ELA=
github.com/onsi/gomega v1.10.3/go.mod h1:V9xEwhxec5O8UDM77eCW8vLymOMltsqPVYWrpDsH8xc=
github.com/pascaldekloe/goe v0.1.0 h1:cBOtyMzM9HTpWjXfbbunk26uA6nG3a8n06Wieeh0MwY=
github.com/pascaldekloe/goe v0.1.0/go.mod h1:lzWF7FIEvWOWxwDKqyGYQf6ZUaNfKdP144TG7ZOy1lc=
github.com/pborman/uuid v0.0.0-20160209185913-a97ce2ca70fa h1:l8VQbMdmwFH37kOOaWQ/cw24/u8AuBz5lUym13Wcu0Y=
github.com/pborman/uuid v0.0.0-20160209185913-a97ce2ca70fa/go.mod h1:VyrYX9gd7irzKovcSS6BIIEwPRkP2Wm2m9ufcdFSJ34=
github.com/pierrec/lz4 v2.0.5+incompatible h1:2xWsjqPFWcplujydGg4WmhC/6fZqK42wMM8aXeqhl0I=
github.com/pierrec/lz4 v2.0.5+incompatible/go.mod h1:pdkljMzZIN41W+lC3N2tnIh5sFi+IEE17M5jbnwPHcY=
github.com/pkg/errors v0.8.0 h1:WdK/asTD0HN+q6hsWO3/vpuAkAr+tw6aNJNDFFf0+qw=
github.com/pkg/errors v0.8.0/go.mod h1:bwawxfHBFNV+L2hUp1rHADufV3IMtnDRdf1r5NINEl0=
github.com/pkg/errors v0.8.1 h1:iURUrRGxPUNPdy5/HRSm+Yj6okJ6UtLINN0Q9M4+h3I=
github.com/pkg/errors v0.8.1/go.mod h1:bwawxfHBFNV+L2hUp1rHADufV3IMtnDRdf1r5NINEl0=
github.com/pmezard/go-difflib v1.0.0 h1:4DBwDE0NGyQoBHbLQYPwSUPoCMWR5BEzIk/f1lZbAQM=
github.com/pmezard/go-difflib v1.0.0/go.mod h1:iKH77koFhYxTK1pcRnkKkqfTogsbg7gZNVY4sRDYZ/4=
github.com/prometheus/client_golang v0.9.1/go.mod h1:7SWBe2y4D6OKWSNQJUaRYU/AaXPKyh/dDVn+NZz0KFw=
github.com/prometheus/client_golang v0.9.2/go.mod h1:OsXs2jCmiKlQ1lTBmv21f2mNfw4xf/QclQDMrYNZzcM=
github.com/prometheus/client_golang v1.0.0/go.mod h1:db9x61etRT2tGnBNRi70OPL5FsnadC4Ky3P0J6CfImo=
github.com/prometheus/client_golang v1.4.0 h1:YVIb/fVcOTMSqtqZWSKnHpSLBxu8DKgxq8z6RuBZwqI=
github.com/prometheus/client_golang v1.4.0/go.mod h1:e9GMxYsXl05ICDXkRhurwBS4Q3OK1iX/F2sw+iXX5zU=
github.com/prometheus/client_model v0.0.0-20180712105110-5c3871d89910/go.mod h1:MbSGuTsp3dbXC40dX6PRTWyKYBIrTGTE9sqQNg2J8bo=
github.com/prometheus/client_model v0.0.0-20190129233127-fd36f4220a90/go.mod h1:xMI15A0UPsDsEKsMN9yxemIoYk6Tm2C1GtYGdfGttqA=
github.com/prometheus/client_model v0.2.0 h1:uq5h0d+GuxiXLJLNABMgp2qUWDPiLvgCzz2dUR+/W/M=
github.com/prometheus/client_model v0.2.0/go.mod h1:xMI15A0UPsDsEKsMN9yxemIoYk6Tm2C1GtYGdfGttqA=
github.com/prometheus/common v0.0.0-20181126121408-4724e9255275/go.mod h1:daVV7qP5qjZbuso7PdcryaAu0sAZbrN9i7WWcTMWvro=
github.com/prometheus/common v0.4.1/go.mod h1:TNfzLD0ON7rHzMJeJkieUDPYmFC7Snx/y86RQel1bk4=
github.com/prometheus/common v0.9.1 h1:KOMtN28tlbam3/7ZKEYKHhKoJZYYj3gMH4uc62x7X7U=
github.com/prometheus/common v0.9.1/go.mod h1:yhUN8i9wzaXS3w1O07YhxHEBxD+W35wd8bs7vj7HSQ4=
github.com/prometheus/procfs v0.0.0-20181005140218-185b4288413d/go.mod h1:c3At6R/oaqEKCNdg8wHV1ftS6bRYblBhIjjI8uT2IGk=
github.com/prometheus/procfs v0.0.0-20181204211112-1dc9a6cbc91a/go.mod h1:c3At6R/oaqEKCNdg8wHV1ftS6bRYblBhIjjI8uT2IGk=
github.com/prometheus/procfs v0.0.2/go.mod h1:TjEm7ze935MbeOT/UhFTIMYKhuLP4wbCsTZCD3I8kEA=
github.com/prometheus/procfs v0.0.8 h1:+fpWZdT24pJBiqJdAwYBjPSk+5YmQzYNPYzQsdzLkt8=
github.com/prometheus/procfs v0.0.8/go.mod h1:7Qr8sr6344vo1JqZ6HhLceV9o3AJ1Ff+GxbHq6oeK9A=
github.com/rakyll/statik v0.1.7 h1:OF3QCZUuyPxuGEP7B4ypUa7sB/iHtqOTDYZXGM8KOdQ=
github.com/rakyll/statik v0.1.7/go.mod h1:AlZONWzMtEnMs7W4e/1LURLiI49pIMmp6V9Unghqrcc=
github.com/russross/blackfriday v0.0.0-20151110051855-0b647d0506a6 h1:NCdCpzq6sADll3AUyACrweBbe2AqzpU3dVepB3mEaRE=
github.com/russross/blackfriday v0.0.0-20151110051855-0b647d0506a6/go.mod h1:JO/DiYxRf+HjHt06OyowR9PTA263kcR/rfWxYHBV53g=
github.com/samuel/go-zookeeper v0.0.0-20161028232340-1d7be4effb13 h1:4AQBn5RJY4WH8t8TLEMZUsWeXHAUcoao42TCAfpEJJE=
github.com/samuel/go-zookeeper v0.0.0-20161028232340-1d7be4effb13/go.mod h1:gi+0XIa01GRL2eRQVjQkKGqKF3SF9vZR/HnPullcV2E=
github.com/sean-/seed v0.0.0-20170313163322-e2103e2c3529 h1:nn5Wsu0esKSJiIVhscUtVbo7ada43DJhG55ua/hjS5I=
github.com/sean-/seed v0.0.0-20170313163322-e2103e2c3529/go.mod h1:DxrIzT+xaE7yg65j358z/aeFdxmN0P9QXhEzd20vsDc=
github.com/segmentio/kafka-go v0.3.5 h1:2JVT1inno7LxEASWj+HflHh5sWGfM0gkRiLAxkXhGG4=
github.com/segmentio/kafka-go v0.3.5/go.mod h1:OT5KXBPbaJJTcvokhWR2KFmm0niEx3mnccTwjmLvSi4=
github.com/serenize/snaker v0.0.0-20161123064335-543781d2b79b h1:B6dcIy62mIVH3xZ+Alc5J4fLDWthEa1RPzK7L7/glTw=
github.com/serenize/snaker v0.0.0-20161123064335-543781d2b79b/go.mod h1:Yow6lPLSAXx2ifx470yD/nUe22Dv5vBvxK/UK9UUTVs=
github.com/shurcooL/go v0.0.0-20170331015642-20b4b0a35211 h1:+OTcQECFnrdh6oabESXRUNFuM3Ol347YZvD+sL/Nfv0=
github.com/shurcooL/go v0.0.0-20170331015642-20b4b0a35211/go.mod h1:TDJrrUr11Vxrven61rcy3hJMUqaf/CLWYhHNPmT14Lk=
github.com/shurcooL/markdownfmt v0.0.0-20170214213350-10aae0a270ab h1:3IXOl4NXdcTFFqBEjb4YESwjBVIz0bRdk4gq1OZBCbA=
github.com/shurcooL/markdownfmt v0.0.0-20170214213350-10aae0a270ab/go.mod h1:VG1x2wwXWWypMlh60na9fO4qoO7SNkZbDyeZp+/Pt4g=
github.com/shurcooL/sanitized_anchor_name v0.0.0-20160918041101-1dba4b3954bc h1:3wIrJvFb3Pf6B/2mDBnN1G5IfUVev4X5apadQlWOczE=
github.com/shurcooL/sanitized_anchor_name v0.0.0-20160918041101-1dba4b3954bc/go.mod h1:1NzhyTcUVG4SuEtjjoZeVRXNmyL/1OwPU0+IJeTBvfc=
github.com/sirupsen/logrus v1.2.0/go.mod h1:LxeOpSwHxABJmUn/MG1IvRgCAasNZTLOkJPxbbu5VWo=
github.com/sirupsen/logrus v1.4.2 h1:SPIRibHv4MatM3XXNO2BJeFLZwZ2LvZgfQ5+UNI2im4=
github.com/sirupsen/logrus v1.4.2/go.mod h1:tLMulIdttU9McNUspp0xgXVQah82FyeX6MwdIuYE2rE=
github.com/smartystreets/assertions v0.0.0-20180927180507-b2de0cb4f26d h1:zE9ykElWQ6/NYmHa3jpm/yHnI4xSofP+UP6SpjHcSeM=
github.com/smartystreets/assertions v0.0.0-20180927180507-b2de0cb4f26d/go.mod h1:OnSkiWE9lh6wB0YB77sQom3nweQdgAjqCqsofrRNTgc=
github.com/smartystreets/goconvey v1.6.4 h1:fv0U8FUIMPNf1L9lnHLvLhgicrIVChEkdzIKYqbNC9s=
github.com/smartystreets/goconvey v1.6.4/go.mod h1:syvi0/a8iFYH4r/RixwvyeAJjdLS9QV7WQ/tjFTllLA=
github.com/spf13/pflag v0.0.0-20170418052314-2300d0f8576f h1:QS35mw870bEYYX7eHbXxtmmc/CN5ItrT7jnK7iRelGM=
github.com/spf13/pflag v0.0.0-20170418052314-2300d0f8576f/go.mod h1:DYY7MBk1bdzusC3SYhjObp+wFpr4gzcvqqNjLnInEg4=
github.com/stevvooe/resumable v0.0.0-20180830230917-22b14a53ba50 h1:4bT0pPowCpQImewr+BjzfUKcuFW+KVyB8d1OF3b6oTI=
github.com/stevvooe/resumable v0.0.0-20180830230917-22b14a53ba50/go.mod h1:1pdIZTAHUz+HDKDVZ++5xg/duPlhKAIzw9qy42CWYp4=
github.com/stretchr/objx v0.1.0/go.mod h1:HFkY916IF+rwdDfMAkV7OtwuqBVzrE8GR6GFx+wExME=
github.com/stretchr/objx v0.1.1/go.mod h1:HFkY916IF+rwdDfMAkV7OtwuqBVzrE8GR6GFx+wExME=
github.com/stretchr/testify v1.2.2/go.mod h1:a8OnRcib4nhh0OaRAV+Yts87kKdq0PP7pXfy6kDkUVs=
github.com/stretchr/testify v1.3.0/go.mod h1:M5WIy9Dh21IEIfnGCwXGc5bZfKNJtfHm1UVUgZn+9EI=
github.com/stretchr/testify v1.4.0 h1:2E4SXV/wtOkTonXsotYi4li6zVWxYlZuYNCXe9XRJyk=
github.com/stretchr/testify v1.4.0/go.mod h1:j7eGeouHqKxXV5pUuKE4zz7dFj8WfuZ+81PSLYec5m4=
github.com/syndtr/goleveldb v0.0.0-20170409015612-8c81ea47d4c4 h1:PoqFAtRY0Q02baZW5o00/NOTpTdTwVl+x1UnvpYK0Dc=
github.com/syndtr/goleveldb v0.0.0-20170409015612-8c81ea47d4c4/go.mod h1:Z4AUp2Km+PwemOoO/VB5AOx9XSsIItzFjoJlOSiYmn0=
github.com/tv42/httpunix v0.0.0-20150427012821-b75d8614f926/go.mod h1:9ESjWnEqriFuLhtthL60Sar/7RFoluCcXsuvEwTV5KM=
github.com/ugorji/go v0.0.0-20170312112114-708a42d24682 h1:9FsLhpi/pQ3YZgrcf1xMOTaVqiUEaLCzGNFVfKswcww=
github.com/ugorji/go v0.0.0-20170312112114-708a42d24682/go.mod h1:hnLbHMwcvSihnDhEfx2/BzKp2xb0Y+ErdfYcrs9tkJQ=
github.com/xdg/scram v0.0.0-20180814205039-7eeb5667e42c h1:u40Z8hqBAAQyv+vATcGgV0YCnDjqSL7/q/JyPhhJSPk=
github.com/xdg/scram v0.0.0-20180814205039-7eeb5667e42c/go.mod h1:lB8K/P019DLNhemzwFU4jHLhdvlE6uDZjXFejJXr49I=
github.com/xdg/stringprep v1.0.0 h1:d9X0esnoa3dFsV0FG35rAT0RIhYFlPq7MiP+DW89La0=
github.com/xdg/stringprep v1.0.0/go.mod h1:Jhud4/sHMO4oL310DaZAKk9ZaJ08SJfe+sJh0HrGL1Y=
golang.org/x/crypto v0.0.0-20180505025534-4ec37c66abab/go.mod h1:6SG95UA2DQfeDnfUPMdvaQW0Q7yPrPDi9nlGo2tz2b4=
golang.org/x/crypto v0.0.0-20180904163835-0709b304e793/go.mod h1:6SG95UA2DQfeDnfUPMdvaQW0Q7yPrPDi9nlGo2tz2b4=
golang.org/x/crypto v0.0.0-20190308221718-c2843e01d9a2/go.mod h1:djNgcEr1/C05ACkg1iLfiJU5Ep61QUkGW8qpdssI0+w=
golang.org/x/crypto v0.0.0-20190506204251-e1dfcc566284 h1:rlLehGeYg6jfoyz/eDqDU1iRXLKfR42nnNh57ytKEWo=
golang.org/x/crypto v0.0.0-20190506204251-e1dfcc566284/go.mod h1:yigFU9vqHzYiE8UmvKecakEJjdnWj3jj499lnFckfCI=
golang.org/x/crypto v0.0.0-20200622213623-75b288015ac9 h1:psW17arqaxU48Z5kZ0CQnkZWQJsqcURM6tKiBApRjXI=
golang.org/x/crypto v0.0.0-20200622213623-75b288015ac9/go.mod h1:LzIPMQfyMNhhGPhUkYOs5KpL4U8rLKemX1yGLhDgUto=
golang.org/x/net v0.0.0-20180906233101-161cd47e91fd/go.mod h1:mL1N/T3taQHkDXs73rZJwtUhF3w3ftmwwsq0BUmARs4=
golang.org/x/net v0.0.0-20181114220301-adae6a3d119a/go.mod h1:mL1N/T3taQHkDXs73rZJwtUhF3w3ftmwwsq0BUmARs4=
golang.org/x/net v0.0.0-20181201002055-351d144fa1fc/go.mod h1:mL1N/T3taQHkDXs73rZJwtUhF3w3ftmwwsq0BUmARs4=
golang.org/x/net v0.0.0-20190311183353-d8887717615a/go.mod h1:t9HGtf8HONx5eT2rtn7q6eTqICYqUVnKs3thJo3Qplg=
golang.org/x/net v0.0.0-20190404232315-eb5bcb51f2a3 h1:0GoQqolDA55aaLxZyTzK/Y2ePZzZTUrRacwib7cNsYQ=
golang.org/x/net v0.0.0-20190404232315-eb5bcb51f2a3/go.mod h1:t9HGtf8HONx5eT2rtn7q6eTqICYqUVnKs3thJo3Qplg=
golang.org/x/net v0.0.0-20190613194153-d28f0bde5980/go.mod h1:z5CRVTTTmAJ677TzLLGU+0bjPO0LkuOLi4/5GtJWs/s=
golang.org/x/net v0.0.0-20200520004742-59133d7f0dd7/go.mod h1:qpuaurCH72eLCgpAm/N6yyVIVM9cpaDIP3A8BGJEC5A=
golang.org/x/net v0.0.0-20201006153459-a7d1128ccaa0 h1:wBouT66WTYFXdxfVdz9sVWARVd/2vfGcmI45D2gj45M=
golang.org/x/net v0.0.0-20201006153459-a7d1128ccaa0/go.mod h1:sp8m0HH+o8qH0wwXwYZr8TS3Oi6o0r6Gce1SSxlDquU=
golang.org/x/oauth2 v0.0.0-20170412232759-a6bd8cefa181 h1:/4OaQ4bC66Oq9JDhUnxTjBGt8XBhDuwgMRXHgvfcCUY=
golang.org/x/oauth2 v0.0.0-20170412232759-a6bd8cefa181/go.mod h1:N/0e6XlmueqKjAGxoOufVs8QHGRruUQn6yWY3a++T0U=
golang.org/x/sync v0.0.0-20180314180146-1d60e4601c6f/go.mod h1:RxMgew5VJxzue5/jJTE5uejpjVlOe/izrB70Jof72aM=
golang.org/x/sync v0.0.0-20181108010431-42b317875d0f/go.mod h1:RxMgew5VJxzue5/jJTE5uejpjVlOe/izrB70Jof72aM=
golang.org/x/sync v0.0.0-20181221193216-37e7f081c4d4/go.mod h1:RxMgew5VJxzue5/jJTE5uejpjVlOe/izrB70Jof72aM=
golang.org/x/sync v0.0.0-20190423024810-112230192c58/go.mod h1:RxMgew5VJxzue5/jJTE5uejpjVlOe/izrB70Jof72aM=
golang.org/x/sync v0.0.0-20190911185100-cd5d95a43a6e/go.mod h1:RxMgew5VJxzue5/jJTE5uejpjVlOe/izrB70Jof72aM=
golang.org/x/sys v0.0.0-20180905080454-ebe1bf3edb33/go.mod h1:STP8DvDyc/dI5b8T5hshtkjS+E42TnysNCUPdjciGhY=
golang.org/x/sys v0.0.0-20180909124046-d0be0721c37e/go.mod h1:STP8DvDyc/dI5b8T5hshtkjS+E42TnysNCUPdjciGhY=
golang.org/x/sys v0.0.0-20181116152217-5ac8a444bdc5/go.mod h1:STP8DvDyc/dI5b8T5hshtkjS+E42TnysNCUPdjciGhY=
golang.org/x/sys v0.0.0-20190215142949-d0b11bdaac8a/go.mod h1:STP8DvDyc/dI5b8T5hshtkjS+E42TnysNCUPdjciGhY=
golang.org/x/sys v0.0.0-20190412213103-97732733099d h1:+R4KGOnez64A81RvjARKc4UT5/tI9ujCIVX+P5KiHuI=
golang.org/x/sys v0.0.0-20190412213103-97732733099d/go.mod h1:h1NjWce9XRLGQEsW7wpKNCjG9DtNlClVuFLEZdDNbEs=
golang.org/x/sys v0.0.0-20190422165155-953cdadca894/go.mod h1:h1NjWce9XRLGQEsW7wpKNCjG9DtNlClVuFLEZdDNbEs=
golang.org/x/sys v0.0.0-20190523142557-0e01d883c5c5/go.mod h1:h1NjWce9XRLGQEsW7wpKNCjG9DtNlClVuFLEZdDNbEs=
golang.org/x/sys v0.0.0-20190904154756-749cb33beabd/go.mod h1:h1NjWce9XRLGQEsW7wpKNCjG9DtNlClVuFLEZdDNbEs=
golang.org/x/sys v0.0.0-20191005200804-aed5e4c7ecf9/go.mod h1:h1NjWce9XRLGQEsW7wpKNCjG9DtNlClVuFLEZdDNbEs=
golang.org/x/sys v0.0.0-20191120155948-bd437916bb0e/go.mod h1:h1NjWce9XRLGQEsW7wpKNCjG9DtNlClVuFLEZdDNbEs=
golang.org/x/sys v0.0.0-20200122134326-e047566fdf82/go.mod h1:h1NjWce9XRLGQEsW7wpKNCjG9DtNlClVuFLEZdDNbEs=
golang.org/x/sys v0.0.0-20200323222414-85ca7c5b95cd/go.mod h1:h1NjWce9XRLGQEsW7wpKNCjG9DtNlClVuFLEZdDNbEs=
golang.org/x/sys v0.0.0-20200519105757-fe76b779f299/go.mod h1:h1NjWce9XRLGQEsW7wpKNCjG9DtNlClVuFLEZdDNbEs=
golang.org/x/sys v0.0.0-20200930185726-fdedc70b468f h1:+Nyd8tzPX9R7BWHguqsrbFdRx3WQ/1ib8I44HXV5yTA=
golang.org/x/sys v0.0.0-20200930185726-fdedc70b468f/go.mod h1:h1NjWce9XRLGQEsW7wpKNCjG9DtNlClVuFLEZdDNbEs=
golang.org/x/text v0.3.0 h1:g61tztE5qeGQ89tm6NTjjM9VPIm088od1l6aSorWRWg=
golang.org/x/text v0.3.0/go.mod h1:NqM8EUOU14njkJ3fqMW+pc6Ldnwhi/IjpwHt7yyuwOQ=
golang.org/x/text v0.3.2/go.mod h1:bEr9sfX3Q8Zfm5fL9x+3itogRgK3+ptLWKqgva+5dAk=
golang.org/x/text v0.3.3 h1:cokOdA+Jmi5PJGXLlLllQSgYigAEfHXJAERHVMaCc2k=
golang.org/x/text v0.3.3/go.mod h1:5Zoc/QRtKVWzQhOtBMvqHzDpF6irO9z98xDceosuGiQ=
golang.org/x/tools v0.0.0-20180917221912-90fa682c2a6e/go.mod h1:n7NCudcB/nEzxVGmLbDWY5pfWTLqBcC2KZ6jyYvM4mQ=
golang.org/x/tools v0.0.0-20190328211700-ab21143f2384/go.mod h1:LCzVGOaR6xXOjkQ3onu1FJEFr0SW1gC7cKk1uF8kGRs=
golang.org/x/tools v0.0.0-20190424220101-1e8e1cfdf96b/go.mod h1:RgjU9mgBXZiqYHBnxXauZ1Gv1EHHAz9KjViQ78xBX0Q=
golang.org/x/xerrors v0.0.0-20191204190536-9bdfabe68543 h1:E7g+9GITq07hpfrRu66IVDexMakfv52eLZ2CXBWiKr4=
golang.org/x/xerrors v0.0.0-20191204190536-9bdfabe68543/go.mod h1:I/5z698sn9Ka8TeJc9MKroUUfqBBauWjQqLJ2OPfmY0=
google.golang.org/api v0.0.0-20170421051952-fbbaff182731 h1:W962vU/0FB6T6jKmdbzRsywbtZ23O+q8e9p+8j/TuNo=
google.golang.org/api v0.0.0-20170421051952-fbbaff182731/go.mod h1:4mhQ8q/RsB7i+udVvVy5NUi08OU8ZlA0gRVgrF7VFY0=
google.golang.org/appengine v1.0.0 h1:dN4LljjBKVChsv0XCSI+zbyzdqrkEwX5LQFUMRSGqOc=
google.golang.org/appengine v1.0.0/go.mod h1:EbEs0AVv82hx2wNQdGPgUI5lhzA/G0D9YwlJXL52JkM=
google.golang.org/grpc v1.2.1 h1:uXbsPclX7+aYIzPCched4e5D5dguzKH7wW8cyJ9r2Pk=
google.golang.org/grpc v1.2.1/go.mod h1:yo6s7OP7yaDglbqo1J04qKzAhqBH6lvTonzMVmEdcZw=
google.golang.org/protobuf v0.0.0-20200109180630-ec00e32a8dfd/go.mod h1:DFci5gLYBciE7Vtevhsrf46CRTquxDuWsQurQQe4oz8=
google.golang.org/protobuf v0.0.0-20200221191635-4d8936d0db64/go.mod h1:kwYJMbMJ01Woi6D6+Kah6886xMZcty6N08ah7+eCXa0=
google.golang.org/protobuf v0.0.0-20200228230310-ab0ca4ff8a60/go.mod h1:cfTl7dwQJ+fmap5saPgwCLgHXTUD7jkjRqWcaiX5VyM=
google.golang.org/protobuf v1.20.1-0.20200309200217-e05f789c0967/go.mod h1:A+miEFZTKqfCUM6K7xSMQL9OKL/b6hQv+e19PK+JZNE=
google.golang.org/protobuf v1.21.0/go.mod h1:47Nbq4nVaFHyn7ilMalzfO3qCViNmqZ2kzikPIcrTAo=
google.golang.org/protobuf v1.23.0 h1:4MY060fB1DLGMB/7MBTLnwQUY6+F09GEiz6SsrNqyzM=
google.golang.org/protobuf v1.23.0/go.mod h1:EGpADcykh3NcUnDUJcl1+ZksZNG86OlYog2l/sGQquU=
gopkg.in/alecthomas/kingpin.v2 v2.2.6 h1:jMFz6MfLP0/4fUyZle81rXUoxOBFi19VUFKVDOQfozc=
gopkg.in/alecthomas/kingpin.v2 v2.2.6/go.mod h1:FMv+mEhP44yOT+4EoQTLFTRgOQ1FBLkstjWtayDeSgw=
gopkg.in/alexcesaro/quotedprintable.v3 v3.0.0-20150716171945-2caba252f4dc h1:2gGKlE2+asNV9m7xrywl36YYNnBG5ZQ0r/BOOxqPpmk=
gopkg.in/alexcesaro/quotedprintable.v3 v3.0.0-20150716171945-2caba252f4dc/go.mod h1:m7x9LTH6d71AHyAX77c9yqWCCa3UKHcVEj9y7hAtKDk=
gopkg.in/check.v1 v0.0.0-20161208181325-20d25e280405/go.mod h1:Co6ibVJAznAaIkqp8huTwlJQCZ016jof/cbN4VW5Yz0=
gopkg.in/check.v1 v1.0.0-20190902080502-41f04d3bba15/go.mod h1:Co6ibVJAznAaIkqp8huTwlJQCZ016jof/cbN4VW5Yz0=
gopkg.in/check.v1 v1.0.0-20201130134442-10cb98267c6c h1:Hei/4ADfdWqJk1ZMxUNpqntNwaWcugrBjAiHlqqRiVk=
gopkg.in/check.v1 v1.0.0-20201130134442-10cb98267c6c/go.mod h1:JHkPIbrfpd72SG/EVd6muEfDQjcINNoR0C8j2r3qZ4Q=
gopkg.in/gomail.v2 v2.0.0-20150902115704-41f357289737 h1:NvePS/smRcFQ4bMtTddFtknbGCtoBkJxGmpSpVRafCc=
gopkg.in/gomail.v2 v2.0.0-20150902115704-41f357289737/go.mod h1:LRQQ+SO6ZHR7tOkpBDuZnXENFzX8qRjMDMyPD6BRkCw=
gopkg.in/inf.v0 v0.9.0 h1:3zYtXIO92bvsdS3ggAdA8Gb4Azj0YU+TVY1uGYNFA8o=
gopkg.in/inf.v0 v0.9.0/go.mod h1:cWUDdTG/fYaXco+Dcufb5Vnc6Gp2YChqWtbxRZE0mXw=
gopkg.in/tomb.v1 v1.0.0-20141024135613-dd632973f1e7 h1:uRGJdciOHaEIrze2W8Q3AKkepLTh2hOroT7a+7czfdQ=
gopkg.in/tomb.v1 v1.0.0-20141024135613-dd632973f1e7/go.mod h1:dt/ZhP58zS4L8KSrWDmTeBkI65Dw0HsyUHuEVlX15mw=
gopkg.in/yaml.v2 v2.2.1/go.mod h1:hI93XBmqTisBFMUTm0b8Fm+jr3Dg1NNxqwp+5A1VGuI=
gopkg.in/yaml.v2 v2.2.2/go.mod h1:hI93XBmqTisBFMUTm0b8Fm+jr3Dg1NNxqwp+5A1VGuI=
gopkg.in/yaml.v2 v2.2.4/go.mod h1:hI93XBmqTisBFMUTm0b8Fm+jr3Dg1NNxqwp+5A1VGuI=
gopkg.in/yaml.v2 v2.2.5/go.mod h1:hI93XBmqTisBFMUTm0b8Fm+jr3Dg1NNxqwp+5A1VGuI=
gopkg.in/yaml.v2 v2.3.0 h1:clyUAQHOM3G0M3f5vQj7LuJrETvjVot3Z5el9nffUtU=
gopkg.in/yaml.v2 v2.3.0/go.mod h1:hI93XBmqTisBFMUTm0b8Fm+jr3Dg1NNxqwp+5A1VGuI=
k8s.io/client-go v1.5.1 h1:XaX/lo2/u3/pmFau8HN+sB5C/b4dc4Dmm2eXjBH4p1E=
k8s.io/client-go v1.5.1/go.mod h1:7vJpHMYJwNQCWgzmNV+VYUl1zCObLyodBc8nIyt8L5s=
