# This file is autogenerated, do not edit; changes may be undone by the next 'dep ensure'.


[[projects]]
  name = "cloud.google.com/go"
  packages = [
    "compute/metadata",
    "internal"
  ]
  revision = "2e6a95edb1071d750f6d7db777bf66cd2997af6c"
  version = "v0.7.0"

[[projects]]
  name = "github.com/Azure/azure-sdk-for-go"
  packages = [
    "arm/compute",
    "arm/network"
  ]
  revision = "bd73d950fa4440dae889bd9917bff7cef539f86e"

[[projects]]
  name = "github.com/Azure/go-autorest"
  packages = [
    "autorest",
    "autorest/azure",
    "autorest/date",
    "autorest/to",
    "autorest/validation"
  ]
  revision = "a2fdd780c9a50455cecd249b00bdc3eb73a78e31"

[[projects]]
  name = "github.com/BurntSushi/toml"
  packages = ["."]
  revision = "a368813c5e648fee92e5f6c30e3944ff9d5e8895"

[[projects]]
  name = "github.com/PuerkitoBio/purell"
  packages = ["."]
  revision = "0bcb03f4b4d0a9428594752bd2a3b9aa0a9d4bd4"
  version = "v1.1.0"

[[projects]]
  branch = "master"
  name = "github.com/PuerkitoBio/urlesc"
  packages = ["."]
  revision = "bbf7a2afc14f93e1e0a5c06df524fbd75e5031e5"

[[projects]]
  name = "github.com/Sirupsen/logrus"
  packages = ["."]
  revision = "ba1b36c82c5e05c4f912a88eab0dcd91a171688f"
  version = "v0.11.5"

[[projects]]
  name = "github.com/aws/aws-sdk-go"
  packages = [
    "aws",
    "aws/awserr",
    "aws/awsutil",
    "aws/client",
    "aws/client/metadata",
    "aws/corehandlers",
    "aws/credentials",
    "aws/credentials/ec2rolecreds",
    "aws/credentials/endpointcreds",
    "aws/credentials/stscreds",
    "aws/defaults",
    "aws/ec2metadata",
    "aws/endpoints",
    "aws/request",
    "aws/session",
    "aws/signer/v4",
    "private/protocol",
    "private/protocol/ec2query",
    "private/protocol/query",
    "private/protocol/query/queryutil",
    "private/protocol/rest",
    "private/protocol/xml/xmlutil",
    "service/autoscaling",
    "service/ec2",
    "service/sts"
  ]
  revision = "f6ea558f30e0a983d529b32c741e4caed17c7df0"
  version = "v1.8.16"

[[projects]]
  branch = "master"
  name = "github.com/benbjohnson/tmpl"
  packages = ["."]
  revision = "8e77bc5fc07968736bb74f4b40b4c577028a61b6"

[[projects]]
  branch = "master"
  name = "github.com/beorn7/perks"
  packages = ["quantile"]
  revision = "4c0e84591b9aa9e6dcfdf3e020114cd81f89d5f9"

[[projects]]
  name = "github.com/blang/semver"
  packages = ["."]
  revision = "b38d23b8782a487059e8fc8773e9a5b228a77cb6"
  version = "v3.5.0"

[[projects]]
  name = "github.com/boltdb/bolt"
  packages = ["."]
  revision = "583e8937c61f1af6513608ccc75c97b6abdf4ff9"
  version = "v1.3.0"

[[projects]]
  name = "github.com/cenkalti/backoff"
  packages = ["."]
  revision = "32cd0c5b3aef12c76ed64aaf678f6c79736be7dc"
  version = "v1.0.0"

[[projects]]
  branch = "master"
  name = "github.com/coreos/go-oidc"
  packages = [
    "http",
    "jose",
    "key",
    "oauth2",
    "oidc"
  ]
  revision = "be73733bb8cc830d0205609b95d125215f8e9c70"

[[projects]]
  name = "github.com/coreos/pkg"
  packages = [
    "health",
    "httputil",
    "timeutil"
  ]
  revision = "3ac0863d7acf3bc44daf49afef8919af12f704ef"
  version = "v3"

[[projects]]
  branch = "master"
  name = "github.com/davecgh/go-spew"
  packages = ["spew"]
  revision = "346938d642f2ec3594ed81d874461961cd0faa76"

[[projects]]
  name = "github.com/dgrijalva/jwt-go"
  packages = ["."]
  revision = "d2709f9f1f31ebcda9651b03077758c1f3a0018c"
  version = "v3.0.0"

[[projects]]
  name = "github.com/docker/distribution"
  packages = [
    "digest",
    "reference"
  ]
  revision = "a25b9ef0c9fe242ac04bb20d3a028442b7d266b6"
  version = "v2.6.1"

[[projects]]
  name = "github.com/docker/docker"
  packages = [
    "api/types",
    "api/types/blkiodev",
    "api/types/container",
    "api/types/filters",
    "api/types/mount",
    "api/types/network",
    "api/types/registry",
    "api/types/strslice",
    "api/types/swarm",
    "api/types/versions"
  ]
  revision = "092cba3727bb9b4a2f0e922cd6c0f93ea270e363"
  version = "v1.13.1"

[[projects]]
  name = "github.com/docker/go-connections"
  packages = ["nat"]
  revision = "990a1a1a70b0da4c4cb70e117971a4f0babfbf1a"
  version = "v0.2.1"

[[projects]]
  name = "github.com/docker/go-units"
  packages = ["."]
  revision = "f2d77a61e3c169b43402a0a1e84f06daf29b8190"
  version = "v0.3.1"

[[projects]]
  branch = "master"
  name = "github.com/dustin/go-humanize"
  packages = ["."]
  revision = "259d2a102b871d17f30e3cd9881a642961a1e486"

[[projects]]
  name = "github.com/eclipse/paho.mqtt.golang"
  packages = [
    ".",
    "packets"
  ]
  revision = "45f9b18f4864c81d49c3ed01e5faec9eeb05de31"
  version = "v1.0.0"

[[projects]]
  name = "github.com/emicklei/go-restful"
  packages = [
    ".",
    "log",
    "swagger"
  ]
  revision = "777bb3f19bcafe2575ffb2a3e46af92509ae9594"
  version = "v1.2"

[[projects]]
  branch = "master"
  name = "github.com/evanphx/json-patch"
  packages = ["."]
  revision = "30afec6a1650c11c861dc1fb58e100cd5219e490"

[[projects]]
  branch = "master"
  name = "github.com/geoffgarside/ber"
  packages = ["."]
  revision = "854377f11dfb81f04121879829bc53487e377739"

[[projects]]
  branch = "master"
  name = "github.com/ghodss/yaml"
  packages = ["."]
  revision = "04f313413ffd65ce25f2541bfd2b2ceec5c0908c"

[[projects]]
  name = "github.com/go-ini/ini"
  packages = ["."]
  revision = "e7fea39b01aea8d5671f6858f0532f56e8bff3a5"
  version = "v1.27.0"

[[projects]]
  branch = "master"
  name = "github.com/go-openapi/jsonpointer"
  packages = ["."]
  revision = "779f45308c19820f1a69e9a4cd965f496e0da10f"

[[projects]]
  branch = "master"
  name = "github.com/go-openapi/jsonreference"
  packages = ["."]
  revision = "36d33bfe519efae5632669801b180bf1a245da3b"

[[projects]]
  branch = "master"
  name = "github.com/go-openapi/spec"
  packages = ["."]
  revision = "e51c28f07047ad90caff03f6450908720d337e0c"

[[projects]]
  branch = "master"
  name = "github.com/go-openapi/swag"
  packages = ["."]
  revision = "24ebf76d720bab64f62824d76bced3184a65490d"

[[projects]]
  name = "github.com/gogo/protobuf"
  packages = [
    "proto",
    "sortkeys"
  ]
  revision = "100ba4e885062801d56799d78530b73b178a78f3"
  version = "v0.4"

[[projects]]
  branch = "master"
  name = "github.com/golang/glog"
  packages = ["."]
  revision = "23def4e6c14b4da8ac2ed8007337bc5eb5007998"

[[projects]]
  branch = "master"
  name = "github.com/golang/protobuf"
  packages = [
    "proto",
    "protoc-gen-go",
    "protoc-gen-go/descriptor",
    "protoc-gen-go/generator",
    "protoc-gen-go/grpc",
    "protoc-gen-go/plugin"
  ]
  revision = "2bba0603135d7d7f5cb73b2125beeda19c09f4ef"

[[projects]]
  branch = "master"
  name = "github.com/golang/snappy"
  packages = ["."]
  revision = "553a641470496b2327abcac10b36396bd98e45c9"

[[projects]]
  name = "github.com/google/go-cmp"
  packages = [
    "cmp",
    "cmp/cmpopts",
    "cmp/internal/diff",
    "cmp/internal/function",
    "cmp/internal/value"
  ]
  revision = "8099a9787ce5dc5984ed879a3bda47dc730a8e97"
  version = "v0.1.0"

[[projects]]
  branch = "master"
  name = "github.com/google/gofuzz"
  packages = ["."]
  revision = "44d81051d367757e1c7c6a5a86423ece9afcf63c"

[[projects]]
  branch = "master"
  name = "github.com/google/uuid"
  packages = ["."]
  revision = "6a5e28554805e78ea6141142aba763936c4761c0"

[[projects]]
  branch = "master"
  name = "github.com/googleapis/gax-go"
  packages = ["."]
  revision = "9af46dd5a1713e8b5cd71106287eba3cefdde50b"

[[projects]]
  name = "github.com/gorhill/cronexpr"
  packages = ["."]
  revision = "a557574d6c024ed6e36acc8b610f5f211c91568a"
  version = "1.0.0"

[[projects]]
  name = "github.com/hashicorp/consul"
  packages = ["api"]
  revision = "e9ca44d0a1757ac9aecc6785904a701936c10e4a"
  version = "v0.8.1"

[[projects]]
  branch = "master"
  name = "github.com/hashicorp/go-cleanhttp"
  packages = ["."]
  revision = "3573b8b52aa7b37b9358d966a898feb387f62437"

[[projects]]
  branch = "master"
  name = "github.com/hashicorp/go-rootcerts"
  packages = ["."]
  revision = "6bb64b370b90e7ef1fa532be9e591a81c3493e00"

[[projects]]
  name = "github.com/hashicorp/serf"
  packages = ["coordinate"]
  revision = "d6574a5bb1226678d7010325fb6c985db20ee458"
  version = "v0.8.1"

[[projects]]
  name = "github.com/influxdata/influxdb"
  packages = [
    ".",
    "client",
    "client/v2",
    "influxql",
    "influxql/internal",
    "influxql/neldermead",
    "models",
    "monitor/diagnostics",
    "pkg/escape",
    "pkg/limiter",
    "services/collectd",
    "services/graphite",
    "services/meta",
    "services/meta/internal",
    "services/opentsdb",
    "services/udp",
    "toml",
    "tsdb",
    "tsdb/internal",
    "uuid"
  ]
  revision = "e4628bb69266dbd624dc27d674b52705ce0dcbf2"
  version = "v1.1.4"

[[projects]]
  branch = "master"
  name = "github.com/influxdata/usage-client"
  packages = ["v1"]
  revision = "6d3895376368aa52a3a81d2a16e90f0f52371967"

[[projects]]
  branch = "master"
  name = "github.com/influxdata/wlog"
  packages = ["."]
  revision = "7c63b0a71ef8300adc255344d275e10e5c3a71ec"

[[projects]]
  name = "github.com/jmespath/go-jmespath"
  packages = ["."]
  revision = "3433f3ea46d9f8019119e7dd41274e112a2359a9"
  version = "0.2.2"

[[projects]]
  name = "github.com/jonboulle/clockwork"
  packages = ["."]
  revision = "2eee05ed794112d45db504eb05aa693efd2b8b09"
  version = "v0.1.0"

[[projects]]
  branch = "master"
  name = "github.com/juju/ratelimit"
  packages = ["."]
  revision = "acf38b000a03e4ab89e40f20f1e548f4e6ac7f72"

[[projects]]
  name = "github.com/k-sone/snmpgo"
  packages = ["."]
  revision = "de09377ff34857b08afdc16ea8c7c2929eb1fc6e"
  version = "v3.2.0"

[[projects]]
  name = "github.com/kimor79/gollectd"
  packages = ["."]
  revision = "b5dddb1667dcc1e6355b9305e2c1608a2db6983c"
  version = "v1.0.0"

[[projects]]
  branch = "master"
  name = "github.com/mailru/easyjson"
  packages = [
    "buffer",
    "jlexer",
    "jwriter"
  ]
  revision = "9e74fe5423dca819cf8fd940d9a5d5307ac7aa10"

[[projects]]
  name = "github.com/mattn/go-runewidth"
  packages = ["."]
  revision = "9e777a8366cce605130a531d2cd6363d07ad7317"
  version = "v0.0.2"

[[projects]]
  name = "github.com/matttproud/golang_protobuf_extensions"
  packages = ["pbutil"]
  revision = "3247c84500bff8d9fb6d579d800f20b3e091582c"
  version = "v1.0.0"

[[projects]]
  branch = "master"
  name = "github.com/miekg/dns"
  packages = ["."]
  revision = "6ebcb714d36901126ee2807031543b38c56de963"

[[projects]]
  branch = "master"
  name = "github.com/mitchellh/copystructure"
  packages = ["."]
  revision = "f81071c9d77b7931f78c90b416a074ecdc50e959"

[[projects]]
  branch = "master"
  name = "github.com/mitchellh/go-homedir"
  packages = ["."]
  revision = "b8bc1bf767474819792c23f32d8286a45736f1c6"

[[projects]]
  branch = "master"
  name = "github.com/mitchellh/mapstructure"
  packages = ["."]
  revision = "5a0325d7fafaac12dda6e7fb8bd222ec1b69875e"

[[projects]]
  branch = "master"
  name = "github.com/mitchellh/reflectwalk"
  packages = ["."]
  revision = "417edcfd99a4d472c262e58f22b4bfe97580f03e"

[[projects]]
  name = "github.com/pborman/uuid"
  packages = ["."]
  revision = "a97ce2ca70fa5a848076093f05e639a89ca34d06"
  version = "v1.0"

[[projects]]
  name = "github.com/pkg/errors"
  packages = ["."]
  revision = "645ef00459ed84a119197bfb8d8205042c6df63d"
  version = "v0.8.0"

[[projects]]
  name = "github.com/pmezard/go-difflib"
  packages = ["difflib"]
  revision = "792786c7400a136282c1664665ae0a8db921c6c2"
  version = "v1.0.0"

[[projects]]
  name = "github.com/prometheus/client_golang"
  packages = ["prometheus"]
  revision = "c5b7fccd204277076155f10851dad72b76a49317"
  version = "v0.8.0"

[[projects]]
  branch = "master"
  name = "github.com/prometheus/client_model"
  packages = ["go"]
  revision = "6f3806018612930941127f2a7c6c453ba2c527d2"

[[projects]]
  branch = "master"
  name = "github.com/prometheus/common"
  packages = [
    "expfmt",
    "internal/bitbucket.org/ww/goautoneg",
    "log",
    "model",
    "version"
  ]
  revision = "9e0844febd9e2856f839c9cb974fbd676d1755a8"

[[projects]]
  branch = "master"
  name = "github.com/prometheus/procfs"
  packages = [
    ".",
    "xfs"
  ]
  revision = "6ac8c5d890d415025dd5aae7595bcb2a6e7e2fad"

[[projects]]
  branch = "master"
  name = "github.com/prometheus/prometheus"
  packages = [
    "config",
    "discovery",
    "discovery/azure",
    "discovery/consul",
    "discovery/dns",
    "discovery/ec2",
    "discovery/file",
    "discovery/gce",
    "discovery/kubernetes",
    "discovery/marathon",
    "discovery/triton",
    "discovery/zookeeper",
    "relabel",
    "retrieval",
    "storage",
    "storage/local",
    "storage/local/chunk",
    "storage/local/codable",
    "storage/local/index",
    "storage/metric",
    "util/flock",
    "util/httputil",
    "util/strutil",
    "util/testutil",
    "util/treecache"
  ]
  revision = "58298e738211f46cdab48c404e5514a544774579"
  source = "github.com/goller/prometheus"

[[projects]]
  name = "github.com/russross/blackfriday"
  packages = ["."]
  revision = "0b647d0506a698cca42caca173e55559b12a69f2"
  version = "v1.4"

[[projects]]
  branch = "master"
  name = "github.com/samuel/go-zookeeper"
  packages = ["zk"]
  revision = "1d7be4effb13d2d908342d349d71a284a7542693"

[[projects]]
  branch = "master"
  name = "github.com/segmentio/kafka-go"
  packages = ["."]
  revision = "140b1a903e1421f33b16a24312a19ff024e13625"

[[projects]]
  branch = "master"
  name = "github.com/serenize/snaker"
  packages = ["."]
  revision = "543781d2b79bd95c51ffe70e70a55c946ca211ff"

[[projects]]
  branch = "master"
  name = "github.com/shurcooL/go"
  packages = ["indentwriter"]
  revision = "20b4b0a352116a106a505a8c528b6513e7e0d5c2"

[[projects]]
  branch = "master"
  name = "github.com/shurcooL/markdownfmt"
  packages = ["markdown"]
  revision = "10aae0a270abfb5d929ae6ca59c4b0ac0fa8f237"

[[projects]]
  branch = "master"
  name = "github.com/shurcooL/sanitized_anchor_name"
  packages = ["."]
  revision = "1dba4b3954bc059efc3991ec364f9f9a35f597d2"

[[projects]]
  branch = "master"
  name = "github.com/spf13/pflag"
  packages = ["."]
  revision = "2300d0f8576fe575f71aaa5b9bbe4e1b0dc2eb51"

[[projects]]
  name = "github.com/stretchr/testify"
  packages = ["assert"]
  revision = "69483b4bd14f5845b5a1e55bca19e954e827f1d0"
  version = "v1.1.4"

[[projects]]
  branch = "master"
  name = "github.com/syndtr/goleveldb"
  packages = [
    "leveldb",
    "leveldb/cache",
    "leveldb/comparer",
    "leveldb/errors",
    "leveldb/filter",
    "leveldb/iterator",
    "leveldb/journal",
    "leveldb/memdb",
    "leveldb/opt",
    "leveldb/storage",
    "leveldb/table",
    "leveldb/util"
  ]
  revision = "8c81ea47d4c41a385645e133e15510fc6a2a74b4"

[[projects]]
  branch = "master"
  name = "github.com/ugorji/go"
  packages = ["codec"]
  revision = "708a42d246822952f38190a8d8c4e6b16a0e600c"

[[projects]]
  branch = "master"
  name = "golang.org/x/crypto"
  packages = [
    "bcrypt",
    "blowfish"
  ]
  revision = "0242f07995e684be54f2a2776327141acf1cef91"

[[projects]]
  branch = "master"
  name = "golang.org/x/net"
  packages = [
    "context",
    "context/ctxhttp",
    "http2",
    "http2/hpack",
    "idna",
    "internal/timeseries",
    "lex/httplex",
    "trace",
    "websocket"
  ]
  revision = "d212a1ef2de2f5d441c327b8f26cf3ea3ea9f265"

[[projects]]
  branch = "master"
  name = "golang.org/x/oauth2"
  packages = [
    ".",
    "google",
    "internal",
    "jws",
    "jwt"
  ]
  revision = "a6bd8cefa1811bd24b86f8902872e4e8225f74c4"

[[projects]]
  branch = "master"
  name = "golang.org/x/sys"
  packages = [
    "unix",
    "windows",
    "windows/registry",
    "windows/svc/eventlog"
  ]
  revision = "f3918c30c5c2cb527c0b071a27c35120a6c0719a"

[[projects]]
  branch = "master"
  name = "golang.org/x/text"
  packages = [
    "internal/gen",
    "internal/triegen",
    "internal/ucd",
    "secure/bidirule",
    "transform",
    "unicode/bidi",
    "unicode/cldr",
    "unicode/norm",
    "unicode/rangetable",
    "width"
  ]
  revision = "a9a820217f98f7c8a207ec1e45a874e1fe12c478"

[[projects]]
  branch = "master"
  name = "google.golang.org/api"
  packages = [
    "compute/v1",
    "gensupport",
    "googleapi",
    "googleapi/internal/uritemplates"
  ]
  revision = "fbbaff1827317122a8a0e1b24de25df8417ce87b"

[[projects]]
  name = "google.golang.org/appengine"
  packages = [
    ".",
    "internal",
    "internal/app_identity",
    "internal/base",
    "internal/datastore",
    "internal/log",
    "internal/modules",
    "internal/remote_api",
    "internal/urlfetch",
    "urlfetch"
  ]
  revision = "150dc57a1b433e64154302bdc40b6bb8aefa313a"
  version = "v1.0.0"

[[projects]]
  name = "google.golang.org/grpc"
  packages = [
    ".",
    "codes",
    "credentials",
    "grpclog",
    "internal",
    "keepalive",
    "metadata",
    "naming",
    "peer",
    "stats",
    "tap",
    "transport"
  ]
  revision = "8050b9cbc271307e5a716a9d782803d09b0d6f2d"
  version = "v1.2.1"

[[projects]]
  branch = "v3"
  name = "gopkg.in/alexcesaro/quotedprintable.v3"
  packages = ["."]
  revision = "2caba252f4dc53eaf6b553000885530023f54623"

[[projects]]
  name = "gopkg.in/fsnotify.v1"
  packages = ["."]
  revision = "629574ca2a5df945712d3079857300b5e4da0236"
  version = "v1.4.2"

[[projects]]
  name = "gopkg.in/gomail.v2"
  packages = ["."]
  revision = "41f3572897373c5538c50a2402db15db079fa4fd"
  version = "2.0.0"

[[projects]]
  name = "gopkg.in/inf.v0"
  packages = ["."]
  revision = "3887ee99ecf07df5b447e9b00d9c0b2adaa9f3e4"
  version = "v0.9.0"

[[projects]]
  branch = "v2"
  name = "gopkg.in/yaml.v2"
  packages = ["."]
  revision = "a5b47d31c556af34a302ce5d659e6fea44d90de0"

[[projects]]
  name = "k8s.io/client-go"
  packages = [
    "1.5/discovery",
    "1.5/kubernetes",
    "1.5/kubernetes/typed/apps/v1alpha1",
    "1.5/kubernetes/typed/authentication/v1beta1",
    "1.5/kubernetes/typed/authorization/v1beta1",
    "1.5/kubernetes/typed/autoscaling/v1",
    "1.5/kubernetes/typed/batch/v1",
    "1.5/kubernetes/typed/certificates/v1alpha1",
    "1.5/kubernetes/typed/core/v1",
    "1.5/kubernetes/typed/extensions/v1beta1",
    "1.5/kubernetes/typed/policy/v1alpha1",
    "1.5/kubernetes/typed/rbac/v1alpha1",
    "1.5/kubernetes/typed/storage/v1beta1",
    "1.5/pkg/api",
    "1.5/pkg/api/errors",
    "1.5/pkg/api/install",
    "1.5/pkg/api/meta",
    "1.5/pkg/api/meta/metatypes",
    "1.5/pkg/api/resource",
    "1.5/pkg/api/unversioned",
    "1.5/pkg/api/v1",
    "1.5/pkg/api/validation/path",
    "1.5/pkg/apimachinery",
    "1.5/pkg/apimachinery/announced",
    "1.5/pkg/apimachinery/registered",
    "1.5/pkg/apis/apps",
    "1.5/pkg/apis/apps/install",
    "1.5/pkg/apis/apps/v1alpha1",
    "1.5/pkg/apis/authentication",
    "1.5/pkg/apis/authentication/install",
    "1.5/pkg/apis/authentication/v1beta1",
    "1.5/pkg/apis/authorization",
    "1.5/pkg/apis/authorization/install",
    "1.5/pkg/apis/authorization/v1beta1",
    "1.5/pkg/apis/autoscaling",
    "1.5/pkg/apis/autoscaling/install",
    "1.5/pkg/apis/autoscaling/v1",
    "1.5/pkg/apis/batch",
    "1.5/pkg/apis/batch/install",
    "1.5/pkg/apis/batch/v1",
    "1.5/pkg/apis/batch/v2alpha1",
    "1.5/pkg/apis/certificates",
    "1.5/pkg/apis/certificates/install",
    "1.5/pkg/apis/certificates/v1alpha1",
    "1.5/pkg/apis/extensions",
    "1.5/pkg/apis/extensions/install",
    "1.5/pkg/apis/extensions/v1beta1",
    "1.5/pkg/apis/policy",
    "1.5/pkg/apis/policy/install",
    "1.5/pkg/apis/policy/v1alpha1",
    "1.5/pkg/apis/rbac",
    "1.5/pkg/apis/rbac/install",
    "1.5/pkg/apis/rbac/v1alpha1",
    "1.5/pkg/apis/storage",
    "1.5/pkg/apis/storage/install",
    "1.5/pkg/apis/storage/v1beta1",
    "1.5/pkg/auth/user",
    "1.5/pkg/conversion",
    "1.5/pkg/conversion/queryparams",
    "1.5/pkg/fields",
    "1.5/pkg/genericapiserver/openapi/common",
    "1.5/pkg/labels",
    "1.5/pkg/runtime",
    "1.5/pkg/runtime/serializer",
    "1.5/pkg/runtime/serializer/json",
    "1.5/pkg/runtime/serializer/protobuf",
    "1.5/pkg/runtime/serializer/recognizer",
    "1.5/pkg/runtime/serializer/streaming",
    "1.5/pkg/runtime/serializer/versioning",
    "1.5/pkg/selection",
    "1.5/pkg/third_party/forked/golang/reflect",
    "1.5/pkg/types",
    "1.5/pkg/util",
    "1.5/pkg/util/cert",
    "1.5/pkg/util/clock",
    "1.5/pkg/util/errors",
    "1.5/pkg/util/flowcontrol",
    "1.5/pkg/util/framer",
    "1.5/pkg/util/integer",
    "1.5/pkg/util/intstr",
    "1.5/pkg/util/json",
    "1.5/pkg/util/labels",
    "1.5/pkg/util/net",
    "1.5/pkg/util/parsers",
    "1.5/pkg/util/rand",
    "1.5/pkg/util/runtime",
    "1.5/pkg/util/sets",
    "1.5/pkg/util/uuid",
    "1.5/pkg/util/validation",
    "1.5/pkg/util/validation/field",
    "1.5/pkg/util/wait",
    "1.5/pkg/util/yaml",
    "1.5/pkg/version",
    "1.5/pkg/watch",
    "1.5/pkg/watch/versioned",
    "1.5/plugin/pkg/client/auth",
    "1.5/plugin/pkg/client/auth/gcp",
    "1.5/plugin/pkg/client/auth/oidc",
    "1.5/rest",
    "1.5/tools/cache",
    "1.5/tools/clientcmd/api",
    "1.5/tools/metrics",
    "1.5/transport"
  ]
  revision = "1195e3a8ee1a529d53eed7c624527a68555ddf1f"
  version = "v1.5.1"

[solve-meta]
  analyzer-name = "dep"
  analyzer-version = 1
  inputs-digest = "471285daf6e6beceaa938816b65b7b835f7e8883968f6c7582f830173bb57a73"
  solver-name = "gps-cdcl"
  solver-version = 1
